
Microsoft Visual Studio Solution File, Format Version 12.00
# Visual Studio Version 16
VisualStudioVersion = 16.0.29709.97
MinimumVisualStudioVersion = 10.0.40219.1
Project("{FAE04EC0-301F-11D3-BF4B-00C04F79EFBC}") = "HWLINQ", "HWLINQ\HWLINQ.csproj", "{1F3A00A0-CA77-41B9-8B9B-337DD2E35A81}"
EndProject
Global
	GlobalSection(SolutionConfigurationPlatforms) = preSolution
		Debug|Any CPU = Debug|Any CPU
		Release|Any CPU = Release|Any CPU
	EndGlobalSection
	GlobalSection(ProjectConfigurationPlatforms) = postSolution
		{1F3A00A0-CA77-41B9-8B9B-337DD2E35A81}.Debug|Any CPU.ActiveCfg = Debug|Any CPU
		{1F3A00A0-CA77-41B9-8B9B-337DD2E35A81}.Debug|Any CPU.Build.0 = Debug|Any CPU
		{1F3A00A0-CA77-41B9-8B9B-337DD2E35A81}.Release|Any CPU.ActiveCfg = Release|Any CPU
		{1F3A00A0-CA77-41B9-8B9B-337DD2E35A81}.Release|Any CPU.Build.0 = Release|Any CPU
	EndGlobalSection
	GlobalSection(SolutionProperties) = preSolution
		HideSolutionNode = FALSE
	EndGlobalSection
	GlobalSection(ExtensibilityGlobals) = postSolution
		SolutionGuid = {1A70630E-1672-42AF-B290-B80EC526102D}
	EndGlobalSection
EndGlobal
